
Microsoft Visual Studio Solution File, Format Version 12.00
# Visual Studio Version 17
VisualStudioVersion = 17.6.33712.159
MinimumVisualStudioVersion = 10.0.40219.1
Project("{FAE04EC0-301F-11D3-BF4B-00C04F79EFBC}") = "ConsoleApp", "ConsoleApp.csproj", "{7C070F80-6F47-43A1-B419-67F3297D7EE0}"
EndProject
Global
	GlobalSection(SolutionConfigurationPlatforms) = preSolution
		Debug|Any CPU = Debug|Any CPU
		Release|Any CPU = Release|Any CPU
	EndGlobalSection
	GlobalSection(ProjectConfigurationPlatforms) = postSolution
		{7C070F80-6F47-43A1-B419-67F3297D7EE0}.Debug|Any CPU.ActiveCfg = Debug|Any CPU
		{7C070F80-6F47-43A1-B419-67F3297D7EE0}.Debug|Any CPU.Build.0 = Debug|Any CPU
		{7C070F80-6F47-43A1-B419-67F3297D7EE0}.Release|Any CPU.ActiveCfg = Release|Any CPU
		{7C070F80-6F47-43A1-B419-67F3297D7EE0}.Release|Any CPU.Build.0 = Release|Any CPU
	EndGlobalSection
	GlobalSection(SolutionProperties) = preSolution
		HideSolutionNode = FALSE
	EndGlobalSection
	GlobalSection(ExtensibilityGlobals) = postSolution
		SolutionGuid = {3DB3ABBA-F69D-4CA4-8B6E-9523F760A765}
	EndGlobalSection
EndGlobal
